
Microsoft Visual Studio Solution File, Format Version 12.00
# Visual Studio 15
VisualStudioVersion = 15.0.27703.2026
MinimumVisualStudioVersion = 10.0.40219.1
Project("{9A19103F-16F7-4668-BE54-9A1E7A4F7556}") = "DotNetCoreWebAPI", "DotNetCoreWebAPI\DotNetCoreWebAPI.csproj", "{45110CA5-06A6-4EFF-AF72-3097E41F594A}"
EndProject
Project("{9A19103F-16F7-4668-BE54-9A1E7A4F7556}") = "Model", "Model\Model.csproj", "{76045505-254F-4949-BE0A-8E4DBDB30A5A}"
EndProject
Project("{9A19103F-16F7-4668-BE54-9A1E7A4F7556}") = "Managers", "Managers\Managers.csproj", "{73844461-5ACF-4899-B7F7-BB7B4857F681}"
EndProject
Project("{FAE04EC0-301F-11D3-BF4B-00C04F79EFBC}") = "Data", "Data\Data.csproj", "{B9EC26CB-86B3-4BF1-8F7A-BD543C1BEE8C}"
EndProject
Project("{9A19103F-16F7-4668-BE54-9A1E7A4F7556}") = "Model2", "Model2\Model2.csproj", "{2B52F7D5-A5E2-4016-803F-62FA17DB61BB}"
EndProject
Project("{FAE04EC0-301F-11D3-BF4B-00C04F79EFBC}") = "NUnitTesting", "NUnitTesting\NUnitTesting.csproj", "{9CAA4008-D0C3-4D34-9ABC-F5FA8B652971}"
EndProject
Global
	GlobalSection(SolutionConfigurationPlatforms) = preSolution
		Debug|Any CPU = Debug|Any CPU
		Release|Any CPU = Release|Any CPU
	EndGlobalSection
	GlobalSection(ProjectConfigurationPlatforms) = postSolution
		{45110CA5-06A6-4EFF-AF72-3097E41F594A}.Debug|Any CPU.ActiveCfg = Debug|Any CPU
		{45110CA5-06A6-4EFF-AF72-3097E41F594A}.Debug|Any CPU.Build.0 = Debug|Any CPU
		{45110CA5-06A6-4EFF-AF72-3097E41F594A}.Release|Any CPU.ActiveCfg = Release|Any CPU
		{45110CA5-06A6-4EFF-AF72-3097E41F594A}.Release|Any CPU.Build.0 = Release|Any CPU
		{76045505-254F-4949-BE0A-8E4DBDB30A5A}.Debug|Any CPU.ActiveCfg = Debug|Any CPU
		{76045505-254F-4949-BE0A-8E4DBDB30A5A}.Debug|Any CPU.Build.0 = Debug|Any CPU
		{76045505-254F-4949-BE0A-8E4DBDB30A5A}.Release|Any CPU.ActiveCfg = Release|Any CPU
		{76045505-254F-4949-BE0A-8E4DBDB30A5A}.Release|Any CPU.Build.0 = Release|Any CPU
		{73844461-5ACF-4899-B7F7-BB7B4857F681}.Debug|Any CPU.ActiveCfg = Debug|Any CPU
		{73844461-5ACF-4899-B7F7-BB7B4857F681}.Debug|Any CPU.Build.0 = Debug|Any CPU
		{73844461-5ACF-4899-B7F7-BB7B4857F681}.Release|Any CPU.ActiveCfg = Release|Any CPU
		{73844461-5ACF-4899-B7F7-BB7B4857F681}.Release|Any CPU.Build.0 = Release|Any CPU
		{B9EC26CB-86B3-4BF1-8F7A-BD543C1BEE8C}.Debug|Any CPU.ActiveCfg = Debug|Any CPU
		{B9EC26CB-86B3-4BF1-8F7A-BD543C1BEE8C}.Debug|Any CPU.Build.0 = Debug|Any CPU
		{B9EC26CB-86B3-4BF1-8F7A-BD543C1BEE8C}.Release|Any CPU.ActiveCfg = Release|Any CPU
		{B9EC26CB-86B3-4BF1-8F7A-BD543C1BEE8C}.Release|Any CPU.Build.0 = Release|Any CPU
		{2B52F7D5-A5E2-4016-803F-62FA17DB61BB}.Debug|Any CPU.ActiveCfg = Debug|Any CPU
		{2B52F7D5-A5E2-4016-803F-62FA17DB61BB}.Debug|Any CPU.Build.0 = Debug|Any CPU
		{2B52F7D5-A5E2-4016-803F-62FA17DB61BB}.Release|Any CPU.ActiveCfg = Release|Any CPU
		{2B52F7D5-A5E2-4016-803F-62FA17DB61BB}.Release|Any CPU.Build.0 = Release|Any CPU
		{9CAA4008-D0C3-4D34-9ABC-F5FA8B652971}.Debug|Any CPU.ActiveCfg = Debug|Any CPU
		{9CAA4008-D0C3-4D34-9ABC-F5FA8B652971}.Debug|Any CPU.Build.0 = Debug|Any CPU
		{9CAA4008-D0C3-4D34-9ABC-F5FA8B652971}.Release|Any CPU.ActiveCfg = Release|Any CPU
		{9CAA4008-D0C3-4D34-9ABC-F5FA8B652971}.Release|Any CPU.Build.0 = Release|Any CPU
	EndGlobalSection
	GlobalSection(SolutionProperties) = preSolution
		HideSolutionNode = FALSE
	EndGlobalSection
	GlobalSection(ExtensibilityGlobals) = postSolution
		SolutionGuid = {372ACD2C-8CF3-4CEE-92B1-8F3734453447}
	EndGlobalSection
EndGlobal
